
Microsoft Visual Studio Solution File, Format Version 12.00
# Visual Studio Version 17
VisualStudioVersion = 17.14.36202.13
MinimumVisualStudioVersion = 10.0.40219.1
Project("{8BC9CEB8-8B4A-11D0-8D11-00A0C91BC942}") = "rubika_25_26_OpenGL", "rubika_25_26_OpenGL\rubika_25_26_OpenGL.vcxproj", "{1F167DA1-EFD5-42DE-81FC-B9665CAD7A40}"
EndProject
Global
	GlobalSection(SolutionConfigurationPlatforms) = preSolution
		Debug|x64 = Debug|x64
		Debug|x86 = Debug|x86
		Release|x64 = Release|x64
		Release|x86 = Release|x86
	EndGlobalSection
	GlobalSection(ProjectConfigurationPlatforms) = postSolution
		{1F167DA1-EFD5-42DE-81FC-B9665CAD7A40}.Debug|x64.ActiveCfg = Debug|x64
		{1F167DA1-EFD5-42DE-81FC-B9665CAD7A40}.Debug|x64.Build.0 = Debug|x64
		{1F167DA1-EFD5-42DE-81FC-B9665CAD7A40}.Debug|x86.ActiveCfg = Debug|Win32
		{1F167DA1-EFD5-42DE-81FC-B9665CAD7A40}.Debug|x86.Build.0 = Debug|Win32
		{1F167DA1-EFD5-42DE-81FC-B9665CAD7A40}.Release|x64.ActiveCfg = Release|x64
		{1F167DA1-EFD5-42DE-81FC-B9665CAD7A40}.Release|x64.Build.0 = Release|x64
		{1F167DA1-EFD5-42DE-81FC-B9665CAD7A40}.Release|x86.ActiveCfg = Release|Win32
		{1F167DA1-EFD5-42DE-81FC-B9665CAD7A40}.Release|x86.Build.0 = Release|Win32
	EndGlobalSection
	GlobalSection(SolutionProperties) = preSolution
		HideSolutionNode = FALSE
	EndGlobalSection
	GlobalSection(ExtensibilityGlobals) = postSolution
		SolutionGuid = {2CC6EAEA-FCFF-4087-ACB3-C0D06FE585BF}
	EndGlobalSection
EndGlobal
