<?xml version="1.0" encoding="utf-8"?>
<Project ToolsVersion="4.0" xmlns="http://schemas.microsoft.com/developer/msbuild/2003">
  <ItemGroup>
    <ClCompile Include="..\Dependencies\src\glad\glad.c" />
    <ClCompile Include="Main.cpp" />
    <ClCompile Include="Shader.cpp" />
    <ClCompile Include="Texture.cpp" />
    <ClCompile Include="Camera.cpp" />
    <ClCompile Include="Light.cpp" />
    <ClCompile Include="Material.cpp" />
    <ClCompile Include="Application.cpp" />
    <ClCompile Include="imgui\imgui.cpp" />
    <ClCompile Include="imgui\imgui_demo.cpp" />
    <ClCompile Include="imgui\imgui_draw.cpp" />
    <ClCompile Include="imgui\imgui_impl_glfw.cpp" />
    <ClCompile Include="imgui\imgui_impl_opengl3.cpp" />
    <ClCompile Include="imgui\imgui_stdlib.cpp" />
    <ClCompile Include="imgui\imgui_tables.cpp" />
    <ClCompile Include="imgui\imgui_widgets.cpp" />
  </ItemGroup>
  <ItemGroup>
    <ClInclude Include="Shader.h" />
    <ClInclude Include="Texture.h" />
    <ClInclude Include="Camera.h" />
    <ClInclude Include="Light.h" />
    <ClInclude Include="Material.h" />
    <ClInclude Include="Vertex.h" />
    <ClInclude Include="Application.h" />
    <ClInclude Include="imgui\imconfig.h" />
    <ClInclude Include="imgui\imgui.h" />
    <ClInclude Include="imgui\imgui_impl_glfw.h" />
    <ClInclude Include="imgui\imgui_impl_opengl3.h" />
    <ClInclude Include="imgui\imgui_impl_opengl3_loader.h" />
    <ClInclude Include="imgui\imgui_internal.h" />
    <ClInclude Include="imgui\imgui_stdlib.h" />
    <ClInclude Include="imgui\imstb_rectpack.h" />
    <ClInclude Include="imgui\imstb_textedit.h" />
    <ClInclude Include="imgui\imstb_truetype.h" />
  </ItemGroup>
  <ItemGroup>
    <None Include="Resources\vertexShader.glsl" />
    <None Include="Resources\fragmentShader.glsl" />
    <None Include="imgui\imgui.natstepfilter" />
  </ItemGroup>
  <ItemGroup>
    <Image Include="Resources\awesomeface.png" />
    <Image Include="Resources\container.jpg" />
    <Image Include="Resources\container2_diffuse.png" />
    <Image Include="Resources\container2_specular.png" />
  </ItemGroup>
  <ItemGroup>
    <Natvis Include="imgui\imgui.natvis" />
  </ItemGroup>
</Project>